
Microsoft Visual Studio Solution File, Format Version 12.00
# Visual Studio Version 17
VisualStudioVersion = 17.5.33414.496
MinimumVisualStudioVersion = 10.0.40219.1
Project("{9A19103F-16F7-4668-BE54-9A1E7A4F7556}") = "calculodeequipamentos", "calculodeequipamentos.csproj", "{F33ADFF8-DD76-4331-AC7D-E7BA922B1D74}"
EndProject
Global
	GlobalSection(SolutionConfigurationPlatforms) = preSolution
		Debug|Any CPU = Debug|Any CPU
		Release|Any CPU = Release|Any CPU
	EndGlobalSection
	GlobalSection(ProjectConfigurationPlatforms) = postSolution
		{F33ADFF8-DD76-4331-AC7D-E7BA922B1D74}.Debug|Any CPU.ActiveCfg = Debug|Any CPU
		{F33ADFF8-DD76-4331-AC7D-E7BA922B1D74}.Debug|Any CPU.Build.0 = Debug|Any CPU
		{F33ADFF8-DD76-4331-AC7D-E7BA922B1D74}.Release|Any CPU.ActiveCfg = Release|Any CPU
		{F33ADFF8-DD76-4331-AC7D-E7BA922B1D74}.Release|Any CPU.Build.0 = Release|Any CPU
	EndGlobalSection
	GlobalSection(SolutionProperties) = preSolution
		HideSolutionNode = FALSE
	EndGlobalSection
	GlobalSection(ExtensibilityGlobals) = postSolution
		SolutionGuid = {C2706C90-31F2-4293-AA6A-DFDB60481041}
	EndGlobalSection
EndGlobal
